
Microsoft Visual Studio Solution File, Format Version 12.00
# Visual Studio Version 16
VisualStudioVersion = 16.0.30413.136
MinimumVisualStudioVersion = 10.0.40219.1
Project("{FAE04EC0-301F-11D3-BF4B-00C04F79EFBC}") = "WhileAndArray", "WhileAndArray\WhileAndArray.csproj", "{E2A7EF77-8BEC-47BA-9FD9-A6F5AC7D77B5}"
EndProject
Project("{FAE04EC0-301F-11D3-BF4B-00C04F79EFBC}") = "GuessMyColor", "GuessMyColor\GuessMyColor.csproj", "{110AE07B-371D-4B2D-978F-8C989A15F119}"
EndProject
Project("{FAE04EC0-301F-11D3-BF4B-00C04F79EFBC}") = "Array", "Array\Array.csproj", "{43FC4EE2-B02E-4CAB-8496-AFEEAD580464}"
EndProject
Global
	GlobalSection(SolutionConfigurationPlatforms) = preSolution
		Debug|Any CPU = Debug|Any CPU
		Release|Any CPU = Release|Any CPU
	EndGlobalSection
	GlobalSection(ProjectConfigurationPlatforms) = postSolution
		{E2A7EF77-8BEC-47BA-9FD9-A6F5AC7D77B5}.Debug|Any CPU.ActiveCfg = Debug|Any CPU
		{E2A7EF77-8BEC-47BA-9FD9-A6F5AC7D77B5}.Debug|Any CPU.Build.0 = Debug|Any CPU
		{E2A7EF77-8BEC-47BA-9FD9-A6F5AC7D77B5}.Release|Any CPU.ActiveCfg = Release|Any CPU
		{E2A7EF77-8BEC-47BA-9FD9-A6F5AC7D77B5}.Release|Any CPU.Build.0 = Release|Any CPU
		{110AE07B-371D-4B2D-978F-8C989A15F119}.Debug|Any CPU.ActiveCfg = Debug|Any CPU
		{110AE07B-371D-4B2D-978F-8C989A15F119}.Debug|Any CPU.Build.0 = Debug|Any CPU
		{110AE07B-371D-4B2D-978F-8C989A15F119}.Release|Any CPU.ActiveCfg = Release|Any CPU
		{110AE07B-371D-4B2D-978F-8C989A15F119}.Release|Any CPU.Build.0 = Release|Any CPU
		{43FC4EE2-B02E-4CAB-8496-AFEEAD580464}.Debug|Any CPU.ActiveCfg = Debug|Any CPU
		{43FC4EE2-B02E-4CAB-8496-AFEEAD580464}.Debug|Any CPU.Build.0 = Debug|Any CPU
		{43FC4EE2-B02E-4CAB-8496-AFEEAD580464}.Release|Any CPU.ActiveCfg = Release|Any CPU
		{43FC4EE2-B02E-4CAB-8496-AFEEAD580464}.Release|Any CPU.Build.0 = Release|Any CPU
	EndGlobalSection
	GlobalSection(SolutionProperties) = preSolution
		HideSolutionNode = FALSE
	EndGlobalSection
	GlobalSection(ExtensibilityGlobals) = postSolution
		SolutionGuid = {D3624844-B5A9-4ECE-807E-BD0A34C6AC8B}
	EndGlobalSection
EndGlobal
